// !$*UTF8*$!
{
	archiveVersion = 1;
	classes = {
	};
	objectVersion = 48;
	objects = {

/* Begin PBXBuildFile section */
		877AC1F21F388CEF0092B462 /* AppDelegate.swift in Sources */ = {isa = PBXBuildFile; fileRef = 877AC1F11F388CEF0092B462 /* AppDelegate.swift */; };
		877AC1F41F388CEF0092B462 /* art.scnassets in Resources */ = {isa = PBXBuildFile; fileRef = 877AC1F31F388CEF0092B462 /* art.scnassets */; };
		877AC1F61F388CEF0092B462 /* ViewController.swift in Sources */ = {isa = PBXBuildFile; fileRef = 877AC1F51F388CEF0092B462 /* ViewController.swift */; };
		877AC1F91F388CEF0092B462 /* Main.storyboard in Resources */ = {isa = PBXBuildFile; fileRef = 877AC1F71F388CEF0092B462 /* Main.storyboard */; };
		877AC1FB1F388CEF0092B462 /* Assets.xcassets in Resources */ = {isa = PBXBuildFile; fileRef = 877AC1FA1F388CEF0092B462 /* Assets.xcassets */; };
		877AC1FE1F388CEF0092B462 /* LaunchScreen.storyboard in Resources */ = {isa = PBXBuildFile; fileRef = 877AC1FC1F388CEF0092B462 /* LaunchScreen.storyboard */; };
/* End PBXBuildFile section */

/* Begin PBXFileReference section */
		877AC1EE1F388CEF0092B462 /* ARDemo-Moon.app */ = {isa = PBXFileReference; explicitFileType = wrapper.application; includeInIndex = 0; path = "ARDemo-Moon.app"; sourceTree = BUILT_PRODUCTS_DIR; };
		877AC1F11F388CEF0092B462 /* AppDelegate.swift */ = {isa = PBXFileReference; lastKnownFileType = sourcecode.swift; path = AppDelegate.swift; sourceTree = "<group>"; };
		877AC1F31F388CEF0092B462 /* art.scnassets */ = {isa = PBXFileReference; lastKnownFileType = wrapper.scnassets; path = art.scnassets; sourceTree = "<group>"; };
		877AC1F51F388CEF0092B462 /* ViewController.swift */ = {isa = PBXFileReference; lastKnownFileType = sourcecode.swift; path = ViewController.swift; sourceTree = "<group>"; };
		877AC1F81F388CEF0092B462 /* Base */ = {isa = PBXFileReference; lastKnownFileType = file.storyboard; name = Base; path = Base.lproj/Main.storyboard; sourceTree = "<group>"; };
		877AC1FA1F388CEF0092B462 /* Assets.xcassets */ = {isa = PBXFileReference; lastKnownFileType = folder.assetcatalog; path = Assets.xcassets; sourceTree = "<group>"; };
		877AC1FD1F388CEF0092B462 /* Base */ = {isa = PBXFileReference; lastKnownFileType = file.storyboard; name = Base; path = Base.lproj/LaunchScreen.storyboard; sourceTree = "<group>"; };
		877AC1FF1F388CEF0092B462 /* Info.plist */ = {isa = PBXFileReference; lastKnownFileType = text.plist.xml; path = Info.plist; sourceTree = "<group>"; };
/* End PBXFileReference section */

/* Begin PBXFrameworksBuildPhase section */
		877AC1EB1F388CEF0092B462 /* Frameworks */ = {
			isa = PBXFrameworksBuildPhase;
			buildActionMask = 2147483647;
			files = (
			);
			runOnlyForDeploymentPostprocessing = 0;
		};
/* End PBXFrameworksBuildPhase section */

/* Begin PBXGroup section */
		877AC1E51F388CEF0092B462 = {
			isa = PBXGroup;
			children = (
				877AC1F01F388CEF0092B462 /* ARDemo-Moon */,
				877AC1EF1F388CEF0092B462 /* Products */,
			);
			sourceTree = "<group>";
		};
		877AC1EF1F388CEF0092B462 /* Products */ = {
			isa = PBXGroup;
			children = (
				877AC1EE1F388CEF0092B462 /* ARDemo-Moon.app */,
			);
			name = Products;
			sourceTree = "<group>";
		};
		877AC1F01F388CEF0092B462 /* ARDemo-Moon */ = {
			isa = PBXGroup;
			children = (
				877AC1F11F388CEF0092B462 /* AppDelegate.swift */,
				877AC1F31F388CEF0092B462 /* art.scnassets */,
				877AC1F51F388CEF0092B462 /* ViewController.swift */,
				877AC1F71F388CEF0092B462 /* Main.storyboard */,
				877AC1FA1F388CEF0092B462 /* Assets.xcassets */,
				877AC1FC1F388CEF0092B462 /* LaunchScreen.storyboard */,
				877AC1FF1F388CEF0092B462 /* Info.plist */,
			);
			path = "ARDemo-Moon";
			sourceTree = "<group>";
		};
/* End PBXGroup section */

/* Begin PBXNativeTarget section */
		877AC1ED1F388CEF0092B462 /* ARDemo-Moon */ = {
			isa = PBXNativeTarget;
			buildConfigurationList = 877AC2021F388CEF0092B462 /* Build configuration list for PBXNativeTarget "ARDemo-Moon" */;
			buildPhases = (
				877AC1EA1F388CEF0092B462 /* Sources */,
				877AC1EB1F388CEF0092B462 /* Frameworks */,
				877AC1EC1F388CEF0092B462 /* Resources */,
			);
			buildRules = (
			);
			dependencies = (
			);
			name = "ARDemo-Moon";
			productName = "ARDemo-Moon";
			productReference = 877AC1EE1F388CEF0092B462 /* ARDemo-Moon.app */;
			productType = "com.apple.product-type.application";
		};
/* End PBXNativeTarget section */

/* Begin PBXProject section */
		877AC1E61F388CEF0092B462 /* Project object */ = {
			isa = PBXProject;
			attributes = {
				LastSwiftUpdateCheck = 0900;
				LastUpgradeCheck = 0900;
				ORGANIZATIONNAME = "刘传良";
				TargetAttributes = {
					877AC1ED1F388CEF0092B462 = {
						CreatedOnToolsVersion = 9.0;
					};
				};
			};
			buildConfigurationList = 877AC1E91F388CEF0092B462 /* Build configuration list for PBXProject "ARDemo-Moon" */;
			compatibilityVersion = "Xcode 8.0";
			developmentRegion = en;
			hasScannedForEncodings = 0;
			knownRegions = (
				en,
				Base,
			);
			mainGroup = 877AC1E51F388CEF0092B462;
			productRefGroup = 877AC1EF1F388CEF0092B462 /* Products */;
			projectDirPath = "";
			projectRoot = "";
			targets = (
				877AC1ED1F388CEF0092B462 /* ARDemo-Moon */,
			);
		};
/* End PBXProject section */

/* Begin PBXResourcesBuildPhase section */
		877AC1EC1F388CEF0092B462 /* Resources */ = {
			isa = PBXResourcesBuildPhase;
			buildActionMask = 2147483647;
			files = (
				877AC1F41F388CEF0092B462 /* art.scnassets in Resources */,
				877AC1FE1F388CEF0092B462 /* LaunchScreen.storyboard in Resources */,
				877AC1FB1F388CEF0092B462 /* Assets.xcassets in Resources */,
				877AC1F91F388CEF0092B462 /* Main.storyboard in Resources */,
			);
			runOnlyForDeploymentPostprocessing = 0;
		};
/* End PBXResourcesBuildPhase section */

/* Begin PBXSourcesBuildPhase section */
		877AC1EA1F388CEF0092B462 /* Sources */ = {
			isa = PBXSourcesBuildPhase;
			buildActionMask = 2147483647;
			files = (
				877AC1F61F388CEF0092B462 /* ViewController.swift in Sources */,
				877AC1F21F388CEF0092B462 /* AppDelegate.swift in Sources */,
			);
			runOnlyForDeploymentPostprocessing = 0;
		};
/* End PBXSourcesBuildPhase section */

/* Begin PBXVariantGroup section */
		877AC1F71F388CEF0092B462 /* Main.storyboard */ = {
			isa = PBXVariantGroup;
			children = (
				877AC1F81F388CEF0092B462 /* Base */,
			);
			name = Main.storyboard;
			sourceTree = "<group>";
		};
		877AC1FC1F388CEF0092B462 /* LaunchScreen.storyboard */ = {
			isa = PBXVariantGroup;
			children = (
				877AC1FD1F388CEF0092B462 /* Base */,
			);
			name = LaunchScreen.storyboard;
			sourceTree = "<group>";
		};
/* End PBXVariantGroup section */

/* Begin XCBuildConfiguration section */
		877AC2001F388CEF0092B462 /* Debug */ = {
			isa = XCBuildConfiguration;
			buildSettings = {
				ALWAYS_SEARCH_USER_PATHS = NO;
				CLANG_ANALYZER_NONNULL = YES;
				CLANG_ANALYZER_NUMBER_OBJECT_CONVERSION = YES_AGGRESSIVE;
				CLANG_CXX_LANGUAGE_STANDARD = "gnu++14";
				CLANG_CXX_LIBRARY = "libc++";
				CLANG_ENABLE_MODULES = YES;
				CLANG_ENABLE_OBJC_ARC = YES;
				CLANG_WARN_BLOCK_CAPTURE_AUTORELEASING = YES;
				CLANG_WARN_BOOL_CONVERSION = YES;
				CLANG_WARN_COMMA = YES;
				CLANG_WARN_CONSTANT_CONVERSION = YES;
				CLANG_WARN_DIRECT_OBJC_ISA_USAGE = YES_ERROR;
				CLANG_WARN_DOCUMENTATION_COMMENTS = YES;
				CLANG_WARN_EMPTY_BODY = YES;
				CLANG_WARN_ENUM_CONVERSION = YES;
				CLANG_WARN_INFINITE_RECURSION = YES;
				CLANG_WARN_INT_CONVERSION = YES;
				CLANG_WARN_OBJC_ROOT_CLASS = YES_ERROR;
				CLANG_WARN_RANGE_LOOP_ANALYSIS = YES;
				CLANG_WARN_STRICT_PROTOTYPES = YES;
				CLANG_WARN_SUSPICIOUS_MOVE = YES;
				CLANG_WARN_UNGUARDED_AVAILABILITY = YES_AGGRESSIVE;
				CLANG_WARN_UNREACHABLE_CODE = YES;
				CLANG_WARN__DUPLICATE_METHOD_MATCH = YES;
				CODE_SIGN_IDENTITY = "iPhone Developer";
				COPY_PHASE_STRIP = NO;
				DEBUG_INFORMATION_FORMAT = dwarf;
				ENABLE_STRICT_OBJC_MSGSEND = YES;
				ENABLE_TESTABILITY = YES;
				GCC_C_LANGUAGE_STANDARD = gnu11;
				GCC_DYNAMIC_NO_PIC = NO;
				GCC_NO_COMMON_BLOCKS = YES;
				GCC_OPTIMIZATION_LEVEL = 0;
				GCC_PREPROCESSOR_DEFINITIONS = (
					"DEBUG=1",
					"$(inherited)",
				);
				GCC_WARN_64_TO_32_BIT_CONVERSION = YES;
				GCC_WARN_ABOUT_RETURN_TYPE = YES_ERROR;
				GCC_WARN_UNDECLARED_SELECTOR = YES;
				GCC_WARN_UNINITIALIZED_AUTOS = YES_AGGRESSIVE;
				GCC_WARN_UNUSED_FUNCTION = YES;
				GCC_WARN_UNUSED_VARIABLE = YES;
				IPHONEOS_DEPLOYMENT_TARGET = 11.0;
				MTL_ENABLE_DEBUG_INFO = YES;
				ONLY_ACTIVE_ARCH = YES;
				SDKROOT = iphoneos;
				SWIFT_ACTIVE_COMPILATION_CONDITIONS = DEBUG;
				SWIFT_OPTIMIZATION_LEVEL = "-Onone";
			};
			name = Debug;
		};
		877AC2011F388CEF0092B462 /* Release */ = {
			isa = XCBuildConfiguration;
			buildSettings = {
				ALWAYS_SEARCH_USER_PATHS = NO;
				CLANG_ANALYZER_NONNULL = YES;
				CLANG_ANALYZER_NUMBER_OBJECT_CONVERSION = YES_AGGRESSIVE;
				CLANG_CXX_LANGUAGE_STANDARD = "gnu++14";
				CLANG_CXX_LIBRARY = "libc++";
				CLANG_ENABLE_MODULES = YES;
				CLANG_ENABLE_OBJC_ARC = YES;
				CLANG_WARN_BLOCK_CAPTURE_AUTORELEASING = YES;
				CLANG_WARN_BOOL_CONVERSION = YES;
				CLANG_WARN_COMMA = YES;
				CLANG_WARN_CONSTANT_CONVERSION = YES;
				CLANG_WARN_DIRECT_OBJC_ISA_USAGE = YES_ERROR;
				CLANG_WARN_DOCUMENTATION_COMMENTS = YES;
				CLANG_WARN_EMPTY_BODY = YES;
				CLANG_WARN_ENUM_CONVERSION = YES;
				CLANG_WARN_INFINITE_RECURSION = YES;
				CLANG_WARN_INT_CONVERSION = YES;
				CLANG_WARN_OBJC_ROOT_CLASS = YES_ERROR;
				CLANG_WARN_RANGE_LOOP_ANALYSIS = YES;
				CLANG_WARN_STRICT_PROTOTYPES = YES;
				CLANG_WARN_SUSPICIOUS_MOVE = YES;
				CLANG_WARN_UNGUARDED_AVAILABILITY = YES_AGGRESSIVE;
				CLANG_WARN_UNREACHABLE_CODE = YES;
				CLANG_WARN__DUPLICATE_METHOD_MATCH = YES;
				CODE_SIGN_IDENTITY = "iPhone Developer";
				COPY_PHASE_STRIP = NO;
				DEBUG_INFORMATION_FORMAT = "dwarf-with-dsym";
				ENABLE_NS_ASSERTIONS = NO;
				ENABLE_STRICT_OBJC_MSGSEND = YES;
				GCC_C_LANGUAGE_STANDARD = gnu11;
				GCC_NO_COMMON_BLOCKS = YES;
				GCC_WARN_64_TO_32_BIT_CONVERSION = YES;
				GCC_WARN_ABOUT_RETURN_TYPE = YES_ERROR;
				GCC_WARN_UNDECLARED_SELECTOR = YES;
				GCC_WARN_UNINITIALIZED_AUTOS = YES_AGGRESSIVE;
				GCC_WARN_UNUSED_FUNCTION = YES;
				GCC_WARN_UNUSED_VARIABLE = YES;
				IPHONEOS_DEPLOYMENT_TARGET = 11.0;
				MTL_ENABLE_DEBUG_INFO = NO;
				SDKROOT = iphoneos;
				SWIFT_OPTIMIZATION_LEVEL = "-Owholemodule";
				VALIDATE_PRODUCT = YES;
			};
			name = Release;
		};
		877AC2031F388CEF0092B462 /* Debug */ = {
			isa = XCBuildConfiguration;
			buildSettings = {
				ASSETCATALOG_COMPILER_APPICON_NAME = AppIcon;
				DEVELOPMENT_TEAM = "";
				INFOPLIST_FILE = "ARDemo-Moon/Info.plist";
				LD_RUNPATH_SEARCH_PATHS = "$(inherited) @executable_path/Frameworks";
				PRODUCT_BUNDLE_IDENTIFIER = "com.wayne.com.ARDemo-Moon";
				PRODUCT_NAME = "$(TARGET_NAME)";
				SWIFT_VERSION = 4.0;
				TARGETED_DEVICE_FAMILY = "1,2";
			};
			name = Debug;
		};
		877AC2041F388CEF0092B462 /* Release */ = {
			isa = XCBuildConfiguration;
			buildSettings = {
				ASSETCATALOG_COMPILER_APPICON_NAME = AppIcon;
				DEVELOPMENT_TEAM = "";
				INFOPLIST_FILE = "ARDemo-Moon/Info.plist";
				LD_RUNPATH_SEARCH_PATHS = "$(inherited) @executable_path/Frameworks";
				PRODUCT_BUNDLE_IDENTIFIER = "com.wayne.com.ARDemo-Moon";
				PRODUCT_NAME = "$(TARGET_NAME)";
				SWIFT_VERSION = 4.0;
				TARGETED_DEVICE_FAMILY = "1,2";
			};
			name = Release;
		};
/* End XCBuildConfiguration section */

/* Begin XCConfigurationList section */
		877AC1E91F388CEF0092B462 /* Build configuration list for PBXProject "ARDemo-Moon" */ = {
			isa = XCConfigurationList;
			buildConfigurations = (
				877AC2001F388CEF0092B462 /* Debug */,
				877AC2011F388CEF0092B462 /* Release */,
			);
			defaultConfigurationIsVisible = 0;
			defaultConfigurationName = Release;
		};
		877AC2021F388CEF0092B462 /* Build configuration list for PBXNativeTarget "ARDemo-Moon" */ = {
			isa = XCConfigurationList;
			buildConfigurations = (
				877AC2031F388CEF0092B462 /* Debug */,
				877AC2041F388CEF0092B462 /* Release */,
			);
			defaultConfigurationIsVisible = 0;
			defaultConfigurationName = Release;
		};
/* End XCConfigurationList section */
	};
	rootObject = 877AC1E61F388CEF0092B462 /* Project object */;
}
